{
  "name": "mapfile-lint",
  "version": "0.0.1",
  "lockfileVersion": 1,
  "requires": true,
  "dependencies": {
    "mapfile2js": {
      "version": "0.0.1",
      "resolved": "https://registry.npmjs.org/mapfile2js/-/mapfile2js-0.0.1.tgz",
      "integrity": "sha512-H9GM+AOLx8Yx8flPcLB0egSgx4yg5ls2WH8u/7u4VegDzPHUWhGJlYsZEPh0N0YFo+kiiBEU+iKP5Mcdfo8Sqw=="
    }
  }
}
